
Microsoft Visual Studio Solution File, Format Version 12.00
# Visual Studio Version 16
VisualStudioVersion = 16.0.28621.142
MinimumVisualStudioVersion = 10.0.40219.1
Project("{FAE04EC0-301F-11D3-BF4B-00C04F79EFBC}") = "BrightnessControl", "BrightnessControl.csproj", "{35DF7D48-750A-4D43-80E1-BF033EA5000F}"
EndProject
Global
	GlobalSection(SolutionConfigurationPlatforms) = preSolution
		Debug|Any CPU = Debug|Any CPU
		Release|Any CPU = Release|Any CPU
	EndGlobalSection
	GlobalSection(ProjectConfigurationPlatforms) = postSolution
		{35DF7D48-750A-4D43-80E1-BF033EA5000F}.Debug|Any CPU.ActiveCfg = Debug|Any CPU
		{35DF7D48-750A-4D43-80E1-BF033EA5000F}.Debug|Any CPU.Build.0 = Debug|Any CPU
		{35DF7D48-750A-4D43-80E1-BF033EA5000F}.Release|Any CPU.ActiveCfg = Release|Any CPU
		{35DF7D48-750A-4D43-80E1-BF033EA5000F}.Release|Any CPU.Build.0 = Release|Any CPU
	EndGlobalSection
	GlobalSection(SolutionProperties) = preSolution
		HideSolutionNode = FALSE
	EndGlobalSection
	GlobalSection(ExtensibilityGlobals) = postSolution
		SolutionGuid = {50F6FFFD-0ECD-481B-9D47-FD643BD91EEC}
	EndGlobalSection
EndGlobal
